
Microsoft Visual Studio Solution File, Format Version 12.00
# Visual Studio Version 17
VisualStudioVersion = 17.6.33815.320
MinimumVisualStudioVersion = 10.0.40219.1
Project("{FAE04EC0-301F-11D3-BF4B-00C04F79EFBC}") = "Panchayat", "Panchayat.csproj", "{13BF4C05-F7D2-48D3-85C7-AB035D823482}"
EndProject
Global
	GlobalSection(SolutionConfigurationPlatforms) = preSolution
		Debug|Any CPU = Debug|Any CPU
		Release|Any CPU = Release|Any CPU
	EndGlobalSection
	GlobalSection(ProjectConfigurationPlatforms) = postSolution
		{13BF4C05-F7D2-48D3-85C7-AB035D823482}.Debug|Any CPU.ActiveCfg = Debug|Any CPU
		{13BF4C05-F7D2-48D3-85C7-AB035D823482}.Debug|Any CPU.Build.0 = Debug|Any CPU
		{13BF4C05-F7D2-48D3-85C7-AB035D823482}.Release|Any CPU.ActiveCfg = Release|Any CPU
		{13BF4C05-F7D2-48D3-85C7-AB035D823482}.Release|Any CPU.Build.0 = Release|Any CPU
	EndGlobalSection
	GlobalSection(SolutionProperties) = preSolution
		HideSolutionNode = FALSE
	EndGlobalSection
	GlobalSection(ExtensibilityGlobals) = postSolution
		SolutionGuid = {6DDC50F4-2F3D-48C5-8AAC-B8768D2AAE7B}
	EndGlobalSection
EndGlobal
